
Microsoft Visual Studio Solution File, Format Version 12.00
# Visual Studio Version 17
VisualStudioVersion = 17.8.34330.188
MinimumVisualStudioVersion = 10.0.40219.1
Project("{9A19103F-16F7-4668-BE54-9A1E7A4F7556}") = "dio-desafio-tdd", "dio-desafio-tdd.csproj", "{9E00B292-1BF6-495A-BBC8-3BD39F2529C4}"
EndProject
Project("{FAE04EC0-301F-11D3-BF4B-00C04F79EFBC}") = "dio-desafio-tdd.test", "dio-desafio-tdd.test\dio-desafio-tdd.test.csproj", "{386A7EE2-9F9C-478A-8405-C057843F5109}"
EndProject
Global
	GlobalSection(SolutionConfigurationPlatforms) = preSolution
		Debug|Any CPU = Debug|Any CPU
		Release|Any CPU = Release|Any CPU
	EndGlobalSection
	GlobalSection(ProjectConfigurationPlatforms) = postSolution
		{9E00B292-1BF6-495A-BBC8-3BD39F2529C4}.Debug|Any CPU.ActiveCfg = Debug|Any CPU
		{9E00B292-1BF6-495A-BBC8-3BD39F2529C4}.Debug|Any CPU.Build.0 = Debug|Any CPU
		{9E00B292-1BF6-495A-BBC8-3BD39F2529C4}.Release|Any CPU.ActiveCfg = Release|Any CPU
		{9E00B292-1BF6-495A-BBC8-3BD39F2529C4}.Release|Any CPU.Build.0 = Release|Any CPU
		{386A7EE2-9F9C-478A-8405-C057843F5109}.Debug|Any CPU.ActiveCfg = Debug|Any CPU
		{386A7EE2-9F9C-478A-8405-C057843F5109}.Debug|Any CPU.Build.0 = Debug|Any CPU
		{386A7EE2-9F9C-478A-8405-C057843F5109}.Release|Any CPU.ActiveCfg = Release|Any CPU
		{386A7EE2-9F9C-478A-8405-C057843F5109}.Release|Any CPU.Build.0 = Release|Any CPU
	EndGlobalSection
	GlobalSection(SolutionProperties) = preSolution
		HideSolutionNode = FALSE
	EndGlobalSection
	GlobalSection(ExtensibilityGlobals) = postSolution
		SolutionGuid = {A67BBBB5-4CCE-4FC7-82DB-28619FC79319}
	EndGlobalSection
EndGlobal
